{
  "requires": true,
  "lockfileVersion": 1,
  "dependencies": {
    "@material/layout-grid": {
      "version": "0.39.0",
      "resolved": "https://registry.npmjs.org/@material/layout-grid/-/layout-grid-0.39.0.tgz",
      "integrity": "sha512-F2V7cf7pJtlDyHKJJ1u7Xn6JWfiY7bFbg33QnhRXYTAhDF5aEcFPeSh9CK8ZZZ4Bom9gzfms2VXWXClbfQgE2Q=="
    }
  }
}
